
Microsoft Visual Studio Solution File, Format Version 12.00
# Visual Studio Version 17
VisualStudioVersion = 17.4.33205.214
MinimumVisualStudioVersion = 10.0.40219.1
Project("{FAE04EC0-301F-11D3-BF4B-00C04F79EFBC}") = "Money", "Money\Money.csproj", "{A4C37D09-7EFF-495C-893B-F5A5B707B17B}"
EndProject
Global
	GlobalSection(SolutionConfigurationPlatforms) = preSolution
		Debug|Any CPU = Debug|Any CPU
		Release|Any CPU = Release|Any CPU
	EndGlobalSection
	GlobalSection(ProjectConfigurationPlatforms) = postSolution
		{A4C37D09-7EFF-495C-893B-F5A5B707B17B}.Debug|Any CPU.ActiveCfg = Debug|Any CPU
		{A4C37D09-7EFF-495C-893B-F5A5B707B17B}.Debug|Any CPU.Build.0 = Debug|Any CPU
		{A4C37D09-7EFF-495C-893B-F5A5B707B17B}.Release|Any CPU.ActiveCfg = Release|Any CPU
		{A4C37D09-7EFF-495C-893B-F5A5B707B17B}.Release|Any CPU.Build.0 = Release|Any CPU
	EndGlobalSection
	GlobalSection(SolutionProperties) = preSolution
		HideSolutionNode = FALSE
	EndGlobalSection
	GlobalSection(ExtensibilityGlobals) = postSolution
		SolutionGuid = {324F46B7-7E84-43D1-AD74-73623DDC46ED}
	EndGlobalSection
EndGlobal
